
Microsoft Visual Studio Solution File, Format Version 12.00
# Visual Studio Version 17
VisualStudioVersion = 17.7.34024.191
MinimumVisualStudioVersion = 10.0.40219.1
Project("{FAE04EC0-301F-11D3-BF4B-00C04F79EFBC}") = "ParcelTrackerTelegramBot", "ParcelTrackerTelegramBot\ParcelTrackerTelegramBot.csproj", "{1ECD773D-70E1-4368-931D-59F63AA9084D}"
EndProject
Global
	GlobalSection(SolutionConfigurationPlatforms) = preSolution
		Debug|Any CPU = Debug|Any CPU
		Release|Any CPU = Release|Any CPU
	EndGlobalSection
	GlobalSection(ProjectConfigurationPlatforms) = postSolution
		{1ECD773D-70E1-4368-931D-59F63AA9084D}.Debug|Any CPU.ActiveCfg = Debug|Any CPU
		{1ECD773D-70E1-4368-931D-59F63AA9084D}.Debug|Any CPU.Build.0 = Debug|Any CPU
		{1ECD773D-70E1-4368-931D-59F63AA9084D}.Release|Any CPU.ActiveCfg = Release|Any CPU
		{1ECD773D-70E1-4368-931D-59F63AA9084D}.Release|Any CPU.Build.0 = Release|Any CPU
	EndGlobalSection
	GlobalSection(SolutionProperties) = preSolution
		HideSolutionNode = FALSE
	EndGlobalSection
	GlobalSection(ExtensibilityGlobals) = postSolution
		SolutionGuid = {2D99D801-663F-476A-BE3C-685C0ACA79BE}
	EndGlobalSection
EndGlobal
